// !$*UTF8*$!
{
	archiveVersion = 1;
	classes = {
	};
	objectVersion = 46;
	objects = {

/* Begin PBXBuildFile section */
		40DCBF416C3F2EBB50786092 /* Pods_TasksApp.framework in Frameworks */ = {isa = PBXBuildFile; fileRef = 39ACAD0D7C370BF79E872B29 /* Pods_TasksApp.framework */; };
		DC4E1EBC1E5E8F4B001A2867 /* AppDelegate.swift in Sources */ = {isa = PBXBuildFile; fileRef = DC4E1EBB1E5E8F4B001A2867 /* AppDelegate.swift */; };
		DC4E1EBE1E5E8F4B001A2867 /* ViewController.swift in Sources */ = {isa = PBXBuildFile; fileRef = DC4E1EBD1E5E8F4B001A2867 /* ViewController.swift */; };
		DC4E1EC11E5E8F4B001A2867 /* Main.storyboard in Resources */ = {isa = PBXBuildFile; fileRef = DC4E1EBF1E5E8F4B001A2867 /* Main.storyboard */; };
		DC4E1EC31E5E8F4B001A2867 /* Assets.xcassets in Resources */ = {isa = PBXBuildFile; fileRef = DC4E1EC21E5E8F4B001A2867 /* Assets.xcassets */; };
		DC4E1EC61E5E8F4B001A2867 /* LaunchScreen.storyboard in Resources */ = {isa = PBXBuildFile; fileRef = DC4E1EC41E5E8F4B001A2867 /* LaunchScreen.storyboard */; };
		DC4E1ECE1E5F282B001A2867 /* TaskItem.swift in Sources */ = {isa = PBXBuildFile; fileRef = DC4E1ECD1E5F282B001A2867 /* TaskItem.swift */; };
/* End PBXBuildFile section */

/* Begin PBXFileReference section */
		39ACAD0D7C370BF79E872B29 /* Pods_TasksApp.framework */ = {isa = PBXFileReference; explicitFileType = wrapper.framework; includeInIndex = 0; path = Pods_TasksApp.framework; sourceTree = BUILT_PRODUCTS_DIR; };
		91DED140F7BF67B20BE3B8C0 /* Pods-TasksApp.debug.xcconfig */ = {isa = PBXFileReference; includeInIndex = 1; lastKnownFileType = text.xcconfig; name = "Pods-TasksApp.debug.xcconfig"; path = "Pods/Target Support Files/Pods-TasksApp/Pods-TasksApp.debug.xcconfig"; sourceTree = "<group>"; };
		DC4E1EB81E5E8F4B001A2867 /* TasksApp.app */ = {isa = PBXFileReference; explicitFileType = wrapper.application; includeInIndex = 0; path = TasksApp.app; sourceTree = BUILT_PRODUCTS_DIR; };
		DC4E1EBB1E5E8F4B001A2867 /* AppDelegate.swift */ = {isa = PBXFileReference; lastKnownFileType = sourcecode.swift; path = AppDelegate.swift; sourceTree = "<group>"; };
		DC4E1EBD1E5E8F4B001A2867 /* ViewController.swift */ = {isa = PBXFileReference; lastKnownFileType = sourcecode.swift; path = ViewController.swift; sourceTree = "<group>"; };
		DC4E1EC01E5E8F4B001A2867 /* Base */ = {isa = PBXFileReference; lastKnownFileType = file.storyboard; name = Base; path = Base.lproj/Main.storyboard; sourceTree = "<group>"; };
		DC4E1EC21E5E8F4B001A2867 /* Assets.xcassets */ = {isa = PBXFileReference; lastKnownFileType = folder.assetcatalog; path = Assets.xcassets; sourceTree = "<group>"; };
		DC4E1EC51E5E8F4B001A2867 /* Base */ = {isa = PBXFileReference; lastKnownFileType = file.storyboard; name = Base; path = Base.lproj/LaunchScreen.storyboard; sourceTree = "<group>"; };
		DC4E1EC71E5E8F4B001A2867 /* Info.plist */ = {isa = PBXFileReference; lastKnownFileType = text.plist.xml; path = Info.plist; sourceTree = "<group>"; };
		DC4E1ECD1E5F282B001A2867 /* TaskItem.swift */ = {isa = PBXFileReference; fileEncoding = 4; lastKnownFileType = sourcecode.swift; path = TaskItem.swift; sourceTree = "<group>"; };
		DC4E1ECF1E613ECA001A2867 /* TasksApp.entitlements */ = {isa = PBXFileReference; lastKnownFileType = text.plist.entitlements; path = TasksApp.entitlements; sourceTree = "<group>"; };
		F364589B0613E973D3565A2A /* Pods-TasksApp.release.xcconfig */ = {isa = PBXFileReference; includeInIndex = 1; lastKnownFileType = text.xcconfig; name = "Pods-TasksApp.release.xcconfig"; path = "Pods/Target Support Files/Pods-TasksApp/Pods-TasksApp.release.xcconfig"; sourceTree = "<group>"; };
/* End PBXFileReference section */

/* Begin PBXFrameworksBuildPhase section */
		DC4E1EB51E5E8F4B001A2867 /* Frameworks */ = {
			isa = PBXFrameworksBuildPhase;
			buildActionMask = 2147483647;
			files = (
				40DCBF416C3F2EBB50786092 /* Pods_TasksApp.framework in Frameworks */,
			);
			runOnlyForDeploymentPostprocessing = 0;
		};
/* End PBXFrameworksBuildPhase section */

/* Begin PBXGroup section */
		61F18A51F51F3CD9D9372A9F /* Frameworks */ = {
			isa = PBXGroup;
			children = (
				39ACAD0D7C370BF79E872B29 /* Pods_TasksApp.framework */,
			);
			name = Frameworks;
			sourceTree = "<group>";
		};
		DC4E1EAF1E5E8F4B001A2867 = {
			isa = PBXGroup;
			children = (
				DC4E1EBA1E5E8F4B001A2867 /* TasksApp */,
				DC4E1EB91E5E8F4B001A2867 /* Products */,
				F8BD18F1FE76242ACB47E677 /* Pods */,
				61F18A51F51F3CD9D9372A9F /* Frameworks */,
			);
			sourceTree = "<group>";
		};
		DC4E1EB91E5E8F4B001A2867 /* Products */ = {
			isa = PBXGroup;
			children = (
				DC4E1EB81E5E8F4B001A2867 /* TasksApp.app */,
			);
			name = Products;
			sourceTree = "<group>";
		};
		DC4E1EBA1E5E8F4B001A2867 /* TasksApp */ = {
			isa = PBXGroup;
			children = (
				DC4E1ECF1E613ECA001A2867 /* TasksApp.entitlements */,
				DC4E1EBB1E5E8F4B001A2867 /* AppDelegate.swift */,
				DC4E1EBD1E5E8F4B001A2867 /* ViewController.swift */,
				DC4E1EBF1E5E8F4B001A2867 /* Main.storyboard */,
				DC4E1EC21E5E8F4B001A2867 /* Assets.xcassets */,
				DC4E1EC41E5E8F4B001A2867 /* LaunchScreen.storyboard */,
				DC4E1EC71E5E8F4B001A2867 /* Info.plist */,
				DC4E1ECD1E5F282B001A2867 /* TaskItem.swift */,
			);
			path = TasksApp;
			sourceTree = "<group>";
		};
		F8BD18F1FE76242ACB47E677 /* Pods */ = {
			isa = PBXGroup;
			children = (
				91DED140F7BF67B20BE3B8C0 /* Pods-TasksApp.debug.xcconfig */,
				F364589B0613E973D3565A2A /* Pods-TasksApp.release.xcconfig */,
			);
			name = Pods;
			sourceTree = "<group>";
		};
/* End PBXGroup section */

/* Begin PBXNativeTarget section */
		DC4E1EB71E5E8F4B001A2867 /* TasksApp */ = {
			isa = PBXNativeTarget;
			buildConfigurationList = DC4E1ECA1E5E8F4B001A2867 /* Build configuration list for PBXNativeTarget "TasksApp" */;
			buildPhases = (
				C19A21C4F0F459A86AF95B73 /* [CP] Check Pods Manifest.lock */,
				DC4E1EB41E5E8F4B001A2867 /* Sources */,
				DC4E1EB51E5E8F4B001A2867 /* Frameworks */,
				DC4E1EB61E5E8F4B001A2867 /* Resources */,
				C74F7F2E0C8EE43C1558E578 /* [CP] Embed Pods Frameworks */,
				C435E2D26A5C93FFC52C05C6 /* [CP] Copy Pods Resources */,
			);
			buildRules = (
			);
			dependencies = (
			);
			name = TasksApp;
			productName = TasksApp;
			productReference = DC4E1EB81E5E8F4B001A2867 /* TasksApp.app */;
			productType = "com.apple.product-type.application";
		};
/* End PBXNativeTarget section */

/* Begin PBXProject section */
		DC4E1EB01E5E8F4B001A2867 /* Project object */ = {
			isa = PBXProject;
			attributes = {
				LastSwiftUpdateCheck = 0820;
				LastUpgradeCheck = 0820;
				ORGANIZATIONNAME = iggy;
				TargetAttributes = {
					DC4E1EB71E5E8F4B001A2867 = {
						CreatedOnToolsVersion = 8.2.1;
						DevelopmentTeam = 8X445N7629;
						ProvisioningStyle = Automatic;
						SystemCapabilities = {
							com.apple.ApplicationGroups.iOS = {
								enabled = 1;
							};
						};
					};
				};
			};
			buildConfigurationList = DC4E1EB31E5E8F4B001A2867 /* Build configuration list for PBXProject "TasksApp" */;
			compatibilityVersion = "Xcode 3.2";
			developmentRegion = English;
			hasScannedForEncodings = 0;
			knownRegions = (
				en,
				Base,
			);
			mainGroup = DC4E1EAF1E5E8F4B001A2867;
			productRefGroup = DC4E1EB91E5E8F4B001A2867 /* Products */;
			projectDirPath = "";
			projectRoot = "";
			targets = (
				DC4E1EB71E5E8F4B001A2867 /* TasksApp */,
			);
		};
/* End PBXProject section */

/* Begin PBXResourcesBuildPhase section */
		DC4E1EB61E5E8F4B001A2867 /* Resources */ = {
			isa = PBXResourcesBuildPhase;
			buildActionMask = 2147483647;
			files = (
				DC4E1EC61E5E8F4B001A2867 /* LaunchScreen.storyboard in Resources */,
				DC4E1EC31E5E8F4B001A2867 /* Assets.xcassets in Resources */,
				DC4E1EC11E5E8F4B001A2867 /* Main.storyboard in Resources */,
			);
			runOnlyForDeploymentPostprocessing = 0;
		};
/* End PBXResourcesBuildPhase section */

/* Begin PBXShellScriptBuildPhase section */
		C19A21C4F0F459A86AF95B73 /* [CP] Check Pods Manifest.lock */ = {
			isa = PBXShellScriptBuildPhase;
			buildActionMask = 2147483647;
			files = (
			);
			inputPaths = (
			);
			name = "[CP] Check Pods Manifest.lock";
			outputPaths = (
			);
			runOnlyForDeploymentPostprocessing = 0;
			shellPath = /bin/sh;
			shellScript = "diff \"${PODS_ROOT}/../Podfile.lock\" \"${PODS_ROOT}/Manifest.lock\" > /dev/null\nif [ $? != 0 ] ; then\n    # print error to STDERR\n    echo \"error: The sandbox is not in sync with the Podfile.lock. Run 'pod install' or update your CocoaPods installation.\" >&2\n    exit 1\nfi\n";
			showEnvVarsInLog = 0;
		};
		C435E2D26A5C93FFC52C05C6 /* [CP] Copy Pods Resources */ = {
			isa = PBXShellScriptBuildPhase;
			buildActionMask = 2147483647;
			files = (
			);
			inputPaths = (
			);
			name = "[CP] Copy Pods Resources";
			outputPaths = (
			);
			runOnlyForDeploymentPostprocessing = 0;
			shellPath = /bin/sh;
			shellScript = "\"${SRCROOT}/Pods/Target Support Files/Pods-TasksApp/Pods-TasksApp-resources.sh\"\n";
			showEnvVarsInLog = 0;
		};
		C74F7F2E0C8EE43C1558E578 /* [CP] Embed Pods Frameworks */ = {
			isa = PBXShellScriptBuildPhase;
			buildActionMask = 2147483647;
			files = (
			);
			inputPaths = (
			);
			name = "[CP] Embed Pods Frameworks";
			outputPaths = (
			);
			runOnlyForDeploymentPostprocessing = 0;
			shellPath = /bin/sh;
			shellScript = "\"${SRCROOT}/Pods/Target Support Files/Pods-TasksApp/Pods-TasksApp-frameworks.sh\"\n";
			showEnvVarsInLog = 0;
		};
/* End PBXShellScriptBuildPhase section */

/* Begin PBXSourcesBuildPhase section */
		DC4E1EB41E5E8F4B001A2867 /* Sources */ = {
			isa = PBXSourcesBuildPhase;
			buildActionMask = 2147483647;
			files = (
				DC4E1EBE1E5E8F4B001A2867 /* ViewController.swift in Sources */,
				DC4E1ECE1E5F282B001A2867 /* TaskItem.swift in Sources */,
				DC4E1EBC1E5E8F4B001A2867 /* AppDelegate.swift in Sources */,
			);
			runOnlyForDeploymentPostprocessing = 0;
		};
/* End PBXSourcesBuildPhase section */

/* Begin PBXVariantGroup section */
		DC4E1EBF1E5E8F4B001A2867 /* Main.storyboard */ = {
			isa = PBXVariantGroup;
			children = (
				DC4E1EC01E5E8F4B001A2867 /* Base */,
			);
			name = Main.storyboard;
			sourceTree = "<group>";
		};
		DC4E1EC41E5E8F4B001A2867 /* LaunchScreen.storyboard */ = {
			isa = PBXVariantGroup;
			children = (
				DC4E1EC51E5E8F4B001A2867 /* Base */,
			);
			name = LaunchScreen.storyboard;
			sourceTree = "<group>";
		};
/* End PBXVariantGroup section */

/* Begin XCBuildConfiguration section */
		DC4E1EC81E5E8F4B001A2867 /* Debug */ = {
			isa = XCBuildConfiguration;
			buildSettings = {
				ALWAYS_SEARCH_USER_PATHS = NO;
				CLANG_ANALYZER_NONNULL = YES;
				CLANG_CXX_LANGUAGE_STANDARD = "gnu++0x";
				CLANG_CXX_LIBRARY = "libc++";
				CLANG_ENABLE_MODULES = YES;
				CLANG_ENABLE_OBJC_ARC = YES;
				CLANG_WARN_BOOL_CONVERSION = YES;
				CLANG_WARN_CONSTANT_CONVERSION = YES;
				CLANG_WARN_DIRECT_OBJC_ISA_USAGE = YES_ERROR;
				CLANG_WARN_DOCUMENTATION_COMMENTS = YES;
				CLANG_WARN_EMPTY_BODY = YES;
				CLANG_WARN_ENUM_CONVERSION = YES;
				CLANG_WARN_INFINITE_RECURSION = YES;
				CLANG_WARN_INT_CONVERSION = YES;
				CLANG_WARN_OBJC_ROOT_CLASS = YES_ERROR;
				CLANG_WARN_SUSPICIOUS_MOVE = YES;
				CLANG_WARN_UNREACHABLE_CODE = YES;
				CLANG_WARN__DUPLICATE_METHOD_MATCH = YES;
				"CODE_SIGN_IDENTITY[sdk=iphoneos*]" = "iPhone Developer";
				COPY_PHASE_STRIP = NO;
				DEBUG_INFORMATION_FORMAT = dwarf;
				ENABLE_STRICT_OBJC_MSGSEND = YES;
				ENABLE_TESTABILITY = YES;
				GCC_C_LANGUAGE_STANDARD = gnu99;
				GCC_DYNAMIC_NO_PIC = NO;
				GCC_NO_COMMON_BLOCKS = YES;
				GCC_OPTIMIZATION_LEVEL = 0;
				GCC_PREPROCESSOR_DEFINITIONS = (
					"DEBUG=1",
					"$(inherited)",
				);
				GCC_WARN_64_TO_32_BIT_CONVERSION = YES;
				GCC_WARN_ABOUT_RETURN_TYPE = YES_ERROR;
				GCC_WARN_UNDECLARED_SELECTOR = YES;
				GCC_WARN_UNINITIALIZED_AUTOS = YES_AGGRESSIVE;
				GCC_WARN_UNUSED_FUNCTION = YES;
				GCC_WARN_UNUSED_VARIABLE = YES;
				IPHONEOS_DEPLOYMENT_TARGET = 10.2;
				MTL_ENABLE_DEBUG_INFO = YES;
				ONLY_ACTIVE_ARCH = YES;
				SDKROOT = iphoneos;
				SWIFT_ACTIVE_COMPILATION_CONDITIONS = DEBUG;
				SWIFT_OPTIMIZATION_LEVEL = "-Onone";
			};
			name = Debug;
		};
		DC4E1EC91E5E8F4B001A2867 /* Release */ = {
			isa = XCBuildConfiguration;
			buildSettings = {
				ALWAYS_SEARCH_USER_PATHS = NO;
				CLANG_ANALYZER_NONNULL = YES;
				CLANG_CXX_LANGUAGE_STANDARD = "gnu++0x";
				CLANG_CXX_LIBRARY = "libc++";
				CLANG_ENABLE_MODULES = YES;
				CLANG_ENABLE_OBJC_ARC = YES;
				CLANG_WARN_BOOL_CONVERSION = YES;
				CLANG_WARN_CONSTANT_CONVERSION = YES;
				CLANG_WARN_DIRECT_OBJC_ISA_USAGE = YES_ERROR;
				CLANG_WARN_DOCUMENTATION_COMMENTS = YES;
				CLANG_WARN_EMPTY_BODY = YES;
				CLANG_WARN_ENUM_CONVERSION = YES;
				CLANG_WARN_INFINITE_RECURSION = YES;
				CLANG_WARN_INT_CONVERSION = YES;
				CLANG_WARN_OBJC_ROOT_CLASS = YES_ERROR;
				CLANG_WARN_SUSPICIOUS_MOVE = YES;
				CLANG_WARN_UNREACHABLE_CODE = YES;
				CLANG_WARN__DUPLICATE_METHOD_MATCH = YES;
				"CODE_SIGN_IDENTITY[sdk=iphoneos*]" = "iPhone Developer";
				COPY_PHASE_STRIP = NO;
				DEBUG_INFORMATION_FORMAT = "dwarf-with-dsym";
				ENABLE_NS_ASSERTIONS = NO;
				ENABLE_STRICT_OBJC_MSGSEND = YES;
				GCC_C_LANGUAGE_STANDARD = gnu99;
				GCC_NO_COMMON_BLOCKS = YES;
				GCC_WARN_64_TO_32_BIT_CONVERSION = YES;
				GCC_WARN_ABOUT_RETURN_TYPE = YES_ERROR;
				GCC_WARN_UNDECLARED_SELECTOR = YES;
				GCC_WARN_UNINITIALIZED_AUTOS = YES_AGGRESSIVE;
				GCC_WARN_UNUSED_FUNCTION = YES;
				GCC_WARN_UNUSED_VARIABLE = YES;
				IPHONEOS_DEPLOYMENT_TARGET = 10.2;
				MTL_ENABLE_DEBUG_INFO = NO;
				SDKROOT = iphoneos;
				SWIFT_OPTIMIZATION_LEVEL = "-Owholemodule";
				VALIDATE_PRODUCT = YES;
			};
			name = Release;
		};
		DC4E1ECB1E5E8F4B001A2867 /* Debug */ = {
			isa = XCBuildConfiguration;
			baseConfigurationReference = 91DED140F7BF67B20BE3B8C0 /* Pods-TasksApp.debug.xcconfig */;
			buildSettings = {
				ASSETCATALOG_COMPILER_APPICON_NAME = AppIcon;
				CODE_SIGN_ENTITLEMENTS = TasksApp/TasksApp.entitlements;
				DEVELOPMENT_TEAM = 8X445N7629;
				INFOPLIST_FILE = TasksApp/Info.plist;
				LD_RUNPATH_SEARCH_PATHS = "$(inherited) @executable_path/Frameworks";
				PRODUCT_BUNDLE_IDENTIFIER = net.iggym.TasksApp;
				PRODUCT_NAME = "$(TARGET_NAME)";
				SWIFT_VERSION = 3.0;
			};
			name = Debug;
		};
		DC4E1ECC1E5E8F4B001A2867 /* Release */ = {
			isa = XCBuildConfiguration;
			baseConfigurationReference = F364589B0613E973D3565A2A /* Pods-TasksApp.release.xcconfig */;
			buildSettings = {
				ASSETCATALOG_COMPILER_APPICON_NAME = AppIcon;
				CODE_SIGN_ENTITLEMENTS = TasksApp/TasksApp.entitlements;
				DEVELOPMENT_TEAM = 8X445N7629;
				INFOPLIST_FILE = TasksApp/Info.plist;
				LD_RUNPATH_SEARCH_PATHS = "$(inherited) @executable_path/Frameworks";
				PRODUCT_BUNDLE_IDENTIFIER = net.iggym.TasksApp;
				PRODUCT_NAME = "$(TARGET_NAME)";
				SWIFT_VERSION = 3.0;
			};
			name = Release;
		};
/* End XCBuildConfiguration section */

/* Begin XCConfigurationList section */
		DC4E1EB31E5E8F4B001A2867 /* Build configuration list for PBXProject "TasksApp" */ = {
			isa = XCConfigurationList;
			buildConfigurations = (
				DC4E1EC81E5E8F4B001A2867 /* Debug */,
				DC4E1EC91E5E8F4B001A2867 /* Release */,
			);
			defaultConfigurationIsVisible = 0;
			defaultConfigurationName = Release;
		};
		DC4E1ECA1E5E8F4B001A2867 /* Build configuration list for PBXNativeTarget "TasksApp" */ = {
			isa = XCConfigurationList;
			buildConfigurations = (
				DC4E1ECB1E5E8F4B001A2867 /* Debug */,
				DC4E1ECC1E5E8F4B001A2867 /* Release */,
			);
			defaultConfigurationIsVisible = 0;
			defaultConfigurationName = Release;
		};
/* End XCConfigurationList section */
	};
	rootObject = DC4E1EB01E5E8F4B001A2867 /* Project object */;
}
